Microsoft Visual Studio Solution File, Format Version 12.00
# Visual Studio Version 17
VisualStudioVersion = 17.5.2.0
MinimumVisualStudioVersion = 10.0.40219.1
Project("{FAE04EC0-301F-11D3-BF4B-00C04F79EFBC}") = "TechMobileBE", "TechMobileBE.csproj", "{6C486C86-7E13-9338-43DC-6B1ECA852582}"
EndProject
Global
	GlobalSection(SolutionConfigurationPlatforms) = preSolution
		Debug|Any CPU = Debug|Any CPU
		Release|Any CPU = Release|Any CPU
	EndGlobalSection
	GlobalSection(ProjectConfigurationPlatforms) = postSolution
		{6C486C86-7E13-9338-43DC-6B1ECA852582}.Debug|Any CPU.ActiveCfg = Debug|Any CPU
		{6C486C86-7E13-9338-43DC-6B1ECA852582}.Debug|Any CPU.Build.0 = Debug|Any CPU
		{6C486C86-7E13-9338-43DC-6B1ECA852582}.Release|Any CPU.ActiveCfg = Release|Any CPU
		{6C486C86-7E13-9338-43DC-6B1ECA852582}.Release|Any CPU.Build.0 = Release|Any CPU
	EndGlobalSection
	GlobalSection(SolutionProperties) = preSolution
		HideSolutionNode = FALSE
	EndGlobalSection
	GlobalSection(ExtensibilityGlobals) = postSolution
		SolutionGuid = {895C01D0-9CF9-48C4-A0B1-F09F01E9FC5F}
	EndGlobalSection
EndGlobal
